
Microsoft Visual Studio Solution File, Format Version 12.00
# Visual Studio Version 16
VisualStudioVersion = 16.0.31005.135
MinimumVisualStudioVersion = 10.0.40219.1
Project("{FAE04EC0-301F-11D3-BF4B-00C04F79EFBC}") = "LW7", "LW7\LW7.csproj", "{28BD96D0-1EB5-4716-8D40-4401CA1E2957}"
EndProject
Global
	GlobalSection(SolutionConfigurationPlatforms) = preSolution
		Debug|Any CPU = Debug|Any CPU
		Release|Any CPU = Release|Any CPU
	EndGlobalSection
	GlobalSection(ProjectConfigurationPlatforms) = postSolution
		{28BD96D0-1EB5-4716-8D40-4401CA1E2957}.Debug|Any CPU.ActiveCfg = Debug|Any CPU
		{28BD96D0-1EB5-4716-8D40-4401CA1E2957}.Debug|Any CPU.Build.0 = Debug|Any CPU
		{28BD96D0-1EB5-4716-8D40-4401CA1E2957}.Release|Any CPU.ActiveCfg = Release|Any CPU
		{28BD96D0-1EB5-4716-8D40-4401CA1E2957}.Release|Any CPU.Build.0 = Release|Any CPU
	EndGlobalSection
	GlobalSection(SolutionProperties) = preSolution
		HideSolutionNode = FALSE
	EndGlobalSection
	GlobalSection(ExtensibilityGlobals) = postSolution
		SolutionGuid = {F59FDEF5-7357-43FD-92A1-AE508CC63AB9}
	EndGlobalSection
EndGlobal
