
Microsoft Visual Studio Solution File, Format Version 12.00
# Visual Studio Version 16
VisualStudioVersion = 16.0.31702.278
MinimumVisualStudioVersion = 10.0.40219.1
Project("{FAE04EC0-301F-11D3-BF4B-00C04F79EFBC}") = "Lab2", "Lab2\Lab2.csproj", "{3668D507-7453-4891-8C7A-9652C8D93401}"
EndProject
Global
	GlobalSection(SolutionConfigurationPlatforms) = preSolution
		Debug|Any CPU = Debug|Any CPU
		Release|Any CPU = Release|Any CPU
	EndGlobalSection
	GlobalSection(ProjectConfigurationPlatforms) = postSolution
		{3668D507-7453-4891-8C7A-9652C8D93401}.Debug|Any CPU.ActiveCfg = Debug|Any CPU
		{3668D507-7453-4891-8C7A-9652C8D93401}.Debug|Any CPU.Build.0 = Debug|Any CPU
		{3668D507-7453-4891-8C7A-9652C8D93401}.Release|Any CPU.ActiveCfg = Release|Any CPU
		{3668D507-7453-4891-8C7A-9652C8D93401}.Release|Any CPU.Build.0 = Release|Any CPU
	EndGlobalSection
	GlobalSection(SolutionProperties) = preSolution
		HideSolutionNode = FALSE
	EndGlobalSection
	GlobalSection(ExtensibilityGlobals) = postSolution
		SolutionGuid = {87983700-97C4-4F71-99EF-040DE5A08E73}
	EndGlobalSection
EndGlobal
